// !$*UTF8*$!
{
	archiveVersion = 1;
	classes = {
	};
	objectVersion = 55;
	objects = {

/* Begin PBXBuildFile section */
		360DEBDA29B8BC9500D0A6BC /* don-t-stop-me-now.mp3 in Resources */ = {isa = PBXBuildFile; fileRef = 360DEBD929B8BC9500D0A6BC /* don-t-stop-me-now.mp3 */; };
		360DEBDC29B8BCD400D0A6BC /* the-show-must-go-on.mp3 in Resources */ = {isa = PBXBuildFile; fileRef = 360DEBDB29B8BCD400D0A6BC /* the-show-must-go-on.mp3 */; };
		360DEBDE29B8BCE000D0A6BC /* bohemian-rhapsody.mp3 in Resources */ = {isa = PBXBuildFile; fileRef = 360DEBDD29B8BCE000D0A6BC /* bohemian-rhapsody.mp3 */; };
		360DEBE029B8BCEE00D0A6BC /* bicycle-race.mp3 in Resources */ = {isa = PBXBuildFile; fileRef = 360DEBDF29B8BCEE00D0A6BC /* bicycle-race.mp3 */; };
		360DEBE229B8BCFC00D0A6BC /* radio-ga-ga.mp3 in Resources */ = {isa = PBXBuildFile; fileRef = 360DEBE129B8BCFC00D0A6BC /* radio-ga-ga.mp3 */; };
		360DEBE529B8CCFB00D0A6BC /* NewPostViewController.swift in Sources */ = {isa = PBXBuildFile; fileRef = 360DEBE429B8CCFB00D0A6BC /* NewPostViewController.swift */; };
		360DEBE929B8CD5600D0A6BC /* NewPostCoordinator.swift in Sources */ = {isa = PBXBuildFile; fileRef = 360DEBE829B8CD5600D0A6BC /* NewPostCoordinator.swift */; };
		360DEBEC29C0B83B00D0A6BC /* NetworkService.swift in Sources */ = {isa = PBXBuildFile; fileRef = 360DEBEB29C0B83B00D0A6BC /* NetworkService.swift */; };
		361580112993F6B3004FF4F8 /* CustomButton.swift in Sources */ = {isa = PBXBuildFile; fileRef = 361580102993F6B3004FF4F8 /* CustomButton.swift */; };
		36158014299401E0004FF4F8 /* FeedModel.swift in Sources */ = {isa = PBXBuildFile; fileRef = 36158013299401E0004FF4F8 /* FeedModel.swift */; };
		3630845529AE51C9005C5616 /* BrutForce.swift in Sources */ = {isa = PBXBuildFile; fileRef = 3630845429AE51C9005C5616 /* BrutForce.swift */; };
		36507D8429705DBC001C6F98 /* PhotosTableViewCell.swift in Sources */ = {isa = PBXBuildFile; fileRef = 36507D8329705DBC001C6F98 /* PhotosTableViewCell.swift */; };
		36507D8629705E20001C6F98 /* PhotosViewController.swift in Sources */ = {isa = PBXBuildFile; fileRef = 36507D8529705E20001C6F98 /* PhotosViewController.swift */; };
		36507D8829706006001C6F98 /* Constants.swift in Sources */ = {isa = PBXBuildFile; fileRef = 36507D8729706006001C6F98 /* Constants.swift */; };
		36507D8A297061ED001C6F98 /* PhotosCollectionViewCell.swift in Sources */ = {isa = PBXBuildFile; fileRef = 36507D89297061ED001C6F98 /* PhotosCollectionViewCell.swift */; };
		365E5986299FB78B0001ABFC /* MainCoordinator.swift in Sources */ = {isa = PBXBuildFile; fileRef = 365E5985299FB78B0001ABFC /* MainCoordinator.swift */; };
		365E5988299FBD530001ABFC /* FeedCoordinator.swift in Sources */ = {isa = PBXBuildFile; fileRef = 365E5987299FBD530001ABFC /* FeedCoordinator.swift */; };
		365E598A299FBD9D0001ABFC /* LoginCoordinator.swift in Sources */ = {isa = PBXBuildFile; fileRef = 365E5989299FBD9D0001ABFC /* LoginCoordinator.swift */; };
		365E599129AE44EC0001ABFC /* String.swift in Sources */ = {isa = PBXBuildFile; fileRef = 365E599029AE44EC0001ABFC /* String.swift */; };
		36661B7D295D059400016070 /* LoginViewController.swift in Sources */ = {isa = PBXBuildFile; fileRef = 36661B7C295D059400016070 /* LoginViewController.swift */; };
		36661B80295DE56D00016070 /* ExtensionUIView.swift in Sources */ = {isa = PBXBuildFile; fileRef = 36661B7F295DE56D00016070 /* ExtensionUIView.swift */; };
		36661B82295F270100016070 /* PostTableViewCell.swift in Sources */ = {isa = PBXBuildFile; fileRef = 36661B81295F270100016070 /* PostTableViewCell.swift */; };
		368400A028E2EC4E00CDDEEB /* AppDelegate.swift in Sources */ = {isa = PBXBuildFile; fileRef = 3684009F28E2EC4E00CDDEEB /* AppDelegate.swift */; };
		368400A928E2EC5000CDDEEB /* Assets.xcassets in Resources */ = {isa = PBXBuildFile; fileRef = 368400A828E2EC5000CDDEEB /* Assets.xcassets */; };
		368400AC28E2EC5000CDDEEB /* LaunchScreen.storyboard in Resources */ = {isa = PBXBuildFile; fileRef = 368400AA28E2EC5000CDDEEB /* LaunchScreen.storyboard */; };
		368400B628E2EE4E00CDDEEB /* FeedViewController.swift in Sources */ = {isa = PBXBuildFile; fileRef = 368400B528E2EE4E00CDDEEB /* FeedViewController.swift */; };
		368400B828E2EE7600CDDEEB /* ProfileViewController.swift in Sources */ = {isa = PBXBuildFile; fileRef = 368400B728E2EE7600CDDEEB /* ProfileViewController.swift */; };
		368400BA28E2EE9500CDDEEB /* AudioPostViewController.swift in Sources */ = {isa = PBXBuildFile; fileRef = 368400B928E2EE9500CDDEEB /* AudioPostViewController.swift */; };
		368400BC28E2EEC400CDDEEB /* InfoViewController.swift in Sources */ = {isa = PBXBuildFile; fileRef = 368400BB28E2EEC400CDDEEB /* InfoViewController.swift */; };
		368400BE28E2EF0200CDDEEB /* .gitignore in Resources */ = {isa = PBXBuildFile; fileRef = 368400BD28E2EF0200CDDEEB /* .gitignore */; };
		368400C628EA3B0B00CDDEEB /* ProfileHeaderView.swift in Sources */ = {isa = PBXBuildFile; fileRef = 368400C528EA3B0B00CDDEEB /* ProfileHeaderView.swift */; };
		36944EDC2985433F009E1ED2 /* User.swift in Sources */ = {isa = PBXBuildFile; fileRef = 36944EDB2985433F009E1ED2 /* User.swift */; };
		36944EDE29858C17009E1ED2 /* TestUserService.swift in Sources */ = {isa = PBXBuildFile; fileRef = 36944EDD29858C17009E1ED2 /* TestUserService.swift */; };
		36944EE029858D20009E1ED2 /* CurrentUserService.swift in Sources */ = {isa = PBXBuildFile; fileRef = 36944EDF29858D20009E1ED2 /* CurrentUserService.swift */; };
		36944EE32986D23E009E1ED2 /* Checker.swift in Sources */ = {isa = PBXBuildFile; fileRef = 36944EE22986D23E009E1ED2 /* Checker.swift */; };
		36944EE52986D2DC009E1ED2 /* LoginViewControllerDelegate.swift in Sources */ = {isa = PBXBuildFile; fileRef = 36944EE42986D2DC009E1ED2 /* LoginViewControllerDelegate.swift */; };
		36944EE72986D46D009E1ED2 /* LoginInspector.swift in Sources */ = {isa = PBXBuildFile; fileRef = 36944EE62986D46D009E1ED2 /* LoginInspector.swift */; };
		36944EE92986D4BD009E1ED2 /* LoginFactory.swift in Sources */ = {isa = PBXBuildFile; fileRef = 36944EE82986D4BD009E1ED2 /* LoginFactory.swift */; };
		36944EEB2986D4F4009E1ED2 /* MyLoginFactory.swift in Sources */ = {isa = PBXBuildFile; fileRef = 36944EEA2986D4F4009E1ED2 /* MyLoginFactory.swift */; };
		36944EF1298AB41A009E1ED2 /* iOSIntPackage in Frameworks */ = {isa = PBXBuildFile; productRef = 36944EF0298AB41A009E1ED2 /* iOSIntPackage */; };
		36B22EC4299BD639004DEF0B /* RootCoordinator.swift in Sources */ = {isa = PBXBuildFile; fileRef = 36B22EC3299BD639004DEF0B /* RootCoordinator.swift */; };
		36B22EC6299BD651004DEF0B /* AppCoordinator.swift in Sources */ = {isa = PBXBuildFile; fileRef = 36B22EC5299BD651004DEF0B /* AppCoordinator.swift */; };
		36B22ECB299BE4D9004DEF0B /* ProfileCoordinator.swift in Sources */ = {isa = PBXBuildFile; fileRef = 36B22ECA299BE4D9004DEF0B /* ProfileCoordinator.swift */; };
		36B22ECE299BE564004DEF0B /* AudioPostCoordinator.swift in Sources */ = {isa = PBXBuildFile; fileRef = 36B22ECD299BE564004DEF0B /* AudioPostCoordinator.swift */; };
		36B22ED0299BE991004DEF0B /* ProfileViewModel.swift in Sources */ = {isa = PBXBuildFile; fileRef = 36B22ECF299BE991004DEF0B /* ProfileViewModel.swift */; };
		36B22ED4299BEC05004DEF0B /* ProfileModel.swift in Sources */ = {isa = PBXBuildFile; fileRef = 36B22ED3299BEC05004DEF0B /* ProfileModel.swift */; };
		36B22ED7299BF089004DEF0B /* PhotosCoordinator.swift in Sources */ = {isa = PBXBuildFile; fileRef = 36B22ED6299BF089004DEF0B /* PhotosCoordinator.swift */; };
		36B22ED9299BF6F3004DEF0B /* InfoCoordinator.swift in Sources */ = {isa = PBXBuildFile; fileRef = 36B22ED8299BF6F3004DEF0B /* InfoCoordinator.swift */; };
		36F789942971AE360034D100 /* PhotosModel.swift in Sources */ = {isa = PBXBuildFile; fileRef = 36F789932971AE360034D100 /* PhotosModel.swift */; };
		36FE1247298028AC001C1791 /* StorageService.docc in Sources */ = {isa = PBXBuildFile; fileRef = 36FE1246298028AC001C1791 /* StorageService.docc */; };
		36FE124D298028AC001C1791 /* StorageService.framework in Frameworks */ = {isa = PBXBuildFile; fileRef = 36FE1243298028AC001C1791 /* StorageService.framework */; };
		36FE1254298028AC001C1791 /* StorageServiceTests.swift in Sources */ = {isa = PBXBuildFile; fileRef = 36FE1253298028AC001C1791 /* StorageServiceTests.swift */; };
		36FE1255298028AC001C1791 /* StorageService.h in Headers */ = {isa = PBXBuildFile; fileRef = 36FE1245298028AC001C1791 /* StorageService.h */; settings = {ATTRIBUTES = (Public, ); }; };
		36FE1258298028AC001C1791 /* StorageService.framework in Frameworks */ = {isa = PBXBuildFile; fileRef = 36FE1243298028AC001C1791 /* StorageService.framework */; };
		36FE1259298028AC001C1791 /* StorageService.framework in Embed Frameworks */ = {isa = PBXBuildFile; fileRef = 36FE1243298028AC001C1791 /* StorageService.framework */; settings = {ATTRIBUTES = (CodeSignOnCopy, RemoveHeadersOnCopy, ); }; };
		36FE126429802916001C1791 /* Post.swift in Sources */ = {isa = PBXBuildFile; fileRef = 36FE1261298028F6001C1791 /* Post.swift */; };
/* End PBXBuildFile section */

/* Begin PBXContainerItemProxy section */
		36FE124E298028AC001C1791 /* PBXContainerItemProxy */ = {
			isa = PBXContainerItemProxy;
			containerPortal = 3684009428E2EC4E00CDDEEB /* Project object */;
			proxyType = 1;
			remoteGlobalIDString = 36FE1242298028AC001C1791;
			remoteInfo = StorageService;
		};
		36FE1250298028AC001C1791 /* PBXContainerItemProxy */ = {
			isa = PBXContainerItemProxy;
			containerPortal = 3684009428E2EC4E00CDDEEB /* Project object */;
			proxyType = 1;
			remoteGlobalIDString = 3684009B28E2EC4E00CDDEEB;
			remoteInfo = Navigation;
		};
		36FE1256298028AC001C1791 /* PBXContainerItemProxy */ = {
			isa = PBXContainerItemProxy;
			containerPortal = 3684009428E2EC4E00CDDEEB /* Project object */;
			proxyType = 1;
			remoteGlobalIDString = 36FE1242298028AC001C1791;
			remoteInfo = StorageService;
		};
/* End PBXContainerItemProxy section */

/* Begin PBXCopyFilesBuildPhase section */
		36FE125A298028AC001C1791 /* Embed Frameworks */ = {
			isa = PBXCopyFilesBuildPhase;
			buildActionMask = 2147483647;
			dstPath = "";
			dstSubfolderSpec = 10;
			files = (
				36FE1259298028AC001C1791 /* StorageService.framework in Embed Frameworks */,
			);
			name = "Embed Frameworks";
			runOnlyForDeploymentPostprocessing = 0;
		};
/* End PBXCopyFilesBuildPhase section */

/* Begin PBXFileReference section */
		360DEBD929B8BC9500D0A6BC /* don-t-stop-me-now.mp3 */ = {isa = PBXFileReference; lastKnownFileType = audio.mp3; path = "don-t-stop-me-now.mp3"; sourceTree = "<group>"; };
		360DEBDB29B8BCD400D0A6BC /* the-show-must-go-on.mp3 */ = {isa = PBXFileReference; lastKnownFileType = audio.mp3; path = "the-show-must-go-on.mp3"; sourceTree = "<group>"; };
		360DEBDD29B8BCE000D0A6BC /* bohemian-rhapsody.mp3 */ = {isa = PBXFileReference; lastKnownFileType = audio.mp3; path = "bohemian-rhapsody.mp3"; sourceTree = "<group>"; };
		360DEBDF29B8BCEE00D0A6BC /* bicycle-race.mp3 */ = {isa = PBXFileReference; lastKnownFileType = audio.mp3; path = "bicycle-race.mp3"; sourceTree = "<group>"; };
		360DEBE129B8BCFC00D0A6BC /* radio-ga-ga.mp3 */ = {isa = PBXFileReference; lastKnownFileType = audio.mp3; path = "radio-ga-ga.mp3"; sourceTree = "<group>"; };
		360DEBE429B8CCFB00D0A6BC /* NewPostViewController.swift */ = {isa = PBXFileReference; lastKnownFileType = sourcecode.swift; path = NewPostViewController.swift; sourceTree = "<group>"; };
		360DEBE829B8CD5600D0A6BC /* NewPostCoordinator.swift */ = {isa = PBXFileReference; lastKnownFileType = sourcecode.swift; path = NewPostCoordinator.swift; sourceTree = "<group>"; };
		360DEBEB29C0B83B00D0A6BC /* NetworkService.swift */ = {isa = PBXFileReference; lastKnownFileType = sourcecode.swift; path = NetworkService.swift; sourceTree = "<group>"; };
		361580102993F6B3004FF4F8 /* CustomButton.swift */ = {isa = PBXFileReference; lastKnownFileType = sourcecode.swift; path = CustomButton.swift; sourceTree = "<group>"; };
		36158013299401E0004FF4F8 /* FeedModel.swift */ = {isa = PBXFileReference; lastKnownFileType = sourcecode.swift; path = FeedModel.swift; sourceTree = "<group>"; };
		3630845429AE51C9005C5616 /* BrutForce.swift */ = {isa = PBXFileReference; lastKnownFileType = sourcecode.swift; path = BrutForce.swift; sourceTree = "<group>"; };
		36507D8329705DBC001C6F98 /* PhotosTableViewCell.swift */ = {isa = PBXFileReference; lastKnownFileType = sourcecode.swift; path = PhotosTableViewCell.swift; sourceTree = "<group>"; };
		36507D8529705E20001C6F98 /* PhotosViewController.swift */ = {isa = PBXFileReference; lastKnownFileType = sourcecode.swift; path = PhotosViewController.swift; sourceTree = "<group>"; };
		36507D8729706006001C6F98 /* Constants.swift */ = {isa = PBXFileReference; lastKnownFileType = sourcecode.swift; path = Constants.swift; sourceTree = "<group>"; };
		36507D89297061ED001C6F98 /* PhotosCollectionViewCell.swift */ = {isa = PBXFileReference; lastKnownFileType = sourcecode.swift; path = PhotosCollectionViewCell.swift; sourceTree = "<group>"; };
		365E5985299FB78B0001ABFC /* MainCoordinator.swift */ = {isa = PBXFileReference; lastKnownFileType = sourcecode.swift; path = MainCoordinator.swift; sourceTree = "<group>"; };
		365E5987299FBD530001ABFC /* FeedCoordinator.swift */ = {isa = PBXFileReference; lastKnownFileType = sourcecode.swift; path = FeedCoordinator.swift; sourceTree = "<group>"; };
		365E5989299FBD9D0001ABFC /* LoginCoordinator.swift */ = {isa = PBXFileReference; lastKnownFileType = sourcecode.swift; path = LoginCoordinator.swift; sourceTree = "<group>"; };
		365E599029AE44EC0001ABFC /* String.swift */ = {isa = PBXFileReference; lastKnownFileType = sourcecode.swift; path = String.swift; sourceTree = "<group>"; };
		36661B7C295D059400016070 /* LoginViewController.swift */ = {isa = PBXFileReference; lastKnownFileType = sourcecode.swift; path = LoginViewController.swift; sourceTree = "<group>"; };
		36661B7F295DE56D00016070 /* ExtensionUIView.swift */ = {isa = PBXFileReference; lastKnownFileType = sourcecode.swift; path = ExtensionUIView.swift; sourceTree = "<group>"; };
		36661B81295F270100016070 /* PostTableViewCell.swift */ = {isa = PBXFileReference; lastKnownFileType = sourcecode.swift; path = PostTableViewCell.swift; sourceTree = "<group>"; };
		3684009C28E2EC4E00CDDEEB /* Navigation.app */ = {isa = PBXFileReference; explicitFileType = wrapper.application; includeInIndex = 0; path = Navigation.app; sourceTree = BUILT_PRODUCTS_DIR; };
		3684009F28E2EC4E00CDDEEB /* AppDelegate.swift */ = {isa = PBXFileReference; lastKnownFileType = sourcecode.swift; path = AppDelegate.swift; sourceTree = "<group>"; };
		368400A828E2EC5000CDDEEB /* Assets.xcassets */ = {isa = PBXFileReference; lastKnownFileType = folder.assetcatalog; path = Assets.xcassets; sourceTree = "<group>"; };
		368400AB28E2EC5000CDDEEB /* Base */ = {isa = PBXFileReference; lastKnownFileType = file.storyboard; name = Base; path = Base.lproj/LaunchScreen.storyboard; sourceTree = "<group>"; };
		368400AD28E2EC5000CDDEEB /* Info.plist */ = {isa = PBXFileReference; lastKnownFileType = text.plist.xml; path = Info.plist; sourceTree = "<group>"; };
		368400B528E2EE4E00CDDEEB /* FeedViewController.swift */ = {isa = PBXFileReference; lastKnownFileType = sourcecode.swift; path = FeedViewController.swift; sourceTree = "<group>"; };
		368400B728E2EE7600CDDEEB /* ProfileViewController.swift */ = {isa = PBXFileReference; lastKnownFileType = sourcecode.swift; path = ProfileViewController.swift; sourceTree = "<group>"; };
		368400B928E2EE9500CDDEEB /* AudioPostViewController.swift */ = {isa = PBXFileReference; lastKnownFileType = sourcecode.swift; path = AudioPostViewController.swift; sourceTree = "<group>"; };
		368400BB28E2EEC400CDDEEB /* InfoViewController.swift */ = {isa = PBXFileReference; lastKnownFileType = sourcecode.swift; path = InfoViewController.swift; sourceTree = "<group>"; };
		368400BD28E2EF0200CDDEEB /* .gitignore */ = {isa = PBXFileReference; lastKnownFileType = text; path = .gitignore; sourceTree = "<group>"; };
		368400C528EA3B0B00CDDEEB /* ProfileHeaderView.swift */ = {isa = PBXFileReference; lastKnownFileType = sourcecode.swift; path = ProfileHeaderView.swift; sourceTree = "<group>"; };
		36944EDB2985433F009E1ED2 /* User.swift */ = {isa = PBXFileReference; lastKnownFileType = sourcecode.swift; path = User.swift; sourceTree = "<group>"; };
		36944EDD29858C17009E1ED2 /* TestUserService.swift */ = {isa = PBXFileReference; lastKnownFileType = sourcecode.swift; path = TestUserService.swift; sourceTree = "<group>"; };
		36944EDF29858D20009E1ED2 /* CurrentUserService.swift */ = {isa = PBXFileReference; lastKnownFileType = sourcecode.swift; path = CurrentUserService.swift; sourceTree = "<group>"; };
		36944EE22986D23E009E1ED2 /* Checker.swift */ = {isa = PBXFileReference; lastKnownFileType = sourcecode.swift; path = Checker.swift; sourceTree = "<group>"; };
		36944EE42986D2DC009E1ED2 /* LoginViewControllerDelegate.swift */ = {isa = PBXFileReference; lastKnownFileType = sourcecode.swift; path = LoginViewControllerDelegate.swift; sourceTree = "<group>"; };
		36944EE62986D46D009E1ED2 /* LoginInspector.swift */ = {isa = PBXFileReference; lastKnownFileType = sourcecode.swift; path = LoginInspector.swift; sourceTree = "<group>"; };
		36944EE82986D4BD009E1ED2 /* LoginFactory.swift */ = {isa = PBXFileReference; lastKnownFileType = sourcecode.swift; path = LoginFactory.swift; sourceTree = "<group>"; };
		36944EEA2986D4F4009E1ED2 /* MyLoginFactory.swift */ = {isa = PBXFileReference; lastKnownFileType = sourcecode.swift; path = MyLoginFactory.swift; sourceTree = "<group>"; };
		36B22EC3299BD639004DEF0B /* RootCoordinator.swift */ = {isa = PBXFileReference; lastKnownFileType = sourcecode.swift; path = RootCoordinator.swift; sourceTree = "<group>"; };
		36B22EC5299BD651004DEF0B /* AppCoordinator.swift */ = {isa = PBXFileReference; lastKnownFileType = sourcecode.swift; path = AppCoordinator.swift; sourceTree = "<group>"; };
		36B22ECA299BE4D9004DEF0B /* ProfileCoordinator.swift */ = {isa = PBXFileReference; lastKnownFileType = sourcecode.swift; path = ProfileCoordinator.swift; sourceTree = "<group>"; };
		36B22ECD299BE564004DEF0B /* AudioPostCoordinator.swift */ = {isa = PBXFileReference; lastKnownFileType = sourcecode.swift; path = AudioPostCoordinator.swift; sourceTree = "<group>"; };
		36B22ECF299BE991004DEF0B /* ProfileViewModel.swift */ = {isa = PBXFileReference; lastKnownFileType = sourcecode.swift; path = ProfileViewModel.swift; sourceTree = "<group>"; };
		36B22ED3299BEC05004DEF0B /* ProfileModel.swift */ = {isa = PBXFileReference; lastKnownFileType = sourcecode.swift; path = ProfileModel.swift; sourceTree = "<group>"; };
		36B22ED6299BF089004DEF0B /* PhotosCoordinator.swift */ = {isa = PBXFileReference; lastKnownFileType = sourcecode.swift; path = PhotosCoordinator.swift; sourceTree = "<group>"; };
		36B22ED8299BF6F3004DEF0B /* InfoCoordinator.swift */ = {isa = PBXFileReference; lastKnownFileType = sourcecode.swift; path = InfoCoordinator.swift; sourceTree = "<group>"; };
		36F789932971AE360034D100 /* PhotosModel.swift */ = {isa = PBXFileReference; lastKnownFileType = sourcecode.swift; path = PhotosModel.swift; sourceTree = "<group>"; };
		36FE1243298028AC001C1791 /* StorageService.framework */ = {isa = PBXFileReference; explicitFileType = wrapper.framework; includeInIndex = 0; path = StorageService.framework; sourceTree = BUILT_PRODUCTS_DIR; };
		36FE1245298028AC001C1791 /* StorageService.h */ = {isa = PBXFileReference; lastKnownFileType = sourcecode.c.h; path = StorageService.h; sourceTree = "<group>"; };
		36FE1246298028AC001C1791 /* StorageService.docc */ = {isa = PBXFileReference; lastKnownFileType = folder.documentationcatalog; path = StorageService.docc; sourceTree = "<group>"; };
		36FE124C298028AC001C1791 /* StorageServiceTests.xctest */ = {isa = PBXFileReference; explicitFileType = wrapper.cfbundle; includeInIndex = 0; path = StorageServiceTests.xctest; sourceTree = BUILT_PRODUCTS_DIR; };
		36FE1253298028AC001C1791 /* StorageServiceTests.swift */ = {isa = PBXFileReference; lastKnownFileType = sourcecode.swift; path = StorageServiceTests.swift; sourceTree = "<group>"; };
		36FE1261298028F6001C1791 /* Post.swift */ = {isa = PBXFileReference; lastKnownFileType = sourcecode.swift; path = Post.swift; sourceTree = "<group>"; };
/* End PBXFileReference section */

/* Begin PBXFrameworksBuildPhase section */
		3684009928E2EC4E00CDDEEB /* Frameworks */ = {
			isa = PBXFrameworksBuildPhase;
			buildActionMask = 2147483647;
			files = (
				36944EF1298AB41A009E1ED2 /* iOSIntPackage in Frameworks */,
				36FE1258298028AC001C1791 /* StorageService.framework in Frameworks */,
			);
			runOnlyForDeploymentPostprocessing = 0;
		};
		36FE1240298028AC001C1791 /* Frameworks */ = {
			isa = PBXFrameworksBuildPhase;
			buildActionMask = 2147483647;
			files = (
			);
			runOnlyForDeploymentPostprocessing = 0;
		};
		36FE1249298028AC001C1791 /* Frameworks */ = {
			isa = PBXFrameworksBuildPhase;
			buildActionMask = 2147483647;
			files = (
				36FE124D298028AC001C1791 /* StorageService.framework in Frameworks */,
			);
			runOnlyForDeploymentPostprocessing = 0;
		};
/* End PBXFrameworksBuildPhase section */

/* Begin PBXGroup section */
		360DEBD829B8BC1A00D0A6BC /* Music */ = {
			isa = PBXGroup;
			children = (
				360DEBDB29B8BCD400D0A6BC /* the-show-must-go-on.mp3 */,
				360DEBDF29B8BCEE00D0A6BC /* bicycle-race.mp3 */,
				360DEBE129B8BCFC00D0A6BC /* radio-ga-ga.mp3 */,
				360DEBD929B8BC9500D0A6BC /* don-t-stop-me-now.mp3 */,
				360DEBDD29B8BCE000D0A6BC /* bohemian-rhapsody.mp3 */,
			);
			path = Music;
			sourceTree = "<group>";
		};
		360DEBE329B8CCAF00D0A6BC /* NewPost */ = {
			isa = PBXGroup;
			children = (
				360DEBE729B8CD2C00D0A6BC /* Coordinator */,
				360DEBE629B8CD0A00D0A6BC /* View */,
			);
			path = NewPost;
			sourceTree = "<group>";
		};
		360DEBE629B8CD0A00D0A6BC /* View */ = {
			isa = PBXGroup;
			children = (
				360DEBE429B8CCFB00D0A6BC /* NewPostViewController.swift */,
			);
			path = View;
			sourceTree = "<group>";
		};
		360DEBE729B8CD2C00D0A6BC /* Coordinator */ = {
			isa = PBXGroup;
			children = (
				360DEBE829B8CD5600D0A6BC /* NewPostCoordinator.swift */,
			);
			path = Coordinator;
			sourceTree = "<group>";
		};
		360DEBEA29C0B7F600D0A6BC /* NetworkService */ = {
			isa = PBXGroup;
			children = (
				360DEBEB29C0B83B00D0A6BC /* NetworkService.swift */,
			);
			path = NetworkService;
			sourceTree = "<group>";
		};
		36158012299401C9004FF4F8 /* Feed */ = {
			isa = PBXGroup;
			children = (
				365E598C299FBDC30001ABFC /* Coordinator */,
				36B22EB3299BD385004DEF0B /* View */,
				36B22EB6299BD411004DEF0B /* Model */,
			);
			path = Feed;
			sourceTree = "<group>";
		};
		36507D8229705D98001C6F98 /* VIewModel */ = {
			isa = PBXGroup;
			children = (
				36B22ECF299BE991004DEF0B /* ProfileViewModel.swift */,
			);
			path = VIewModel;
			sourceTree = "<group>";
		};
		365E598B299FBDAB0001ABFC /* Coordinator */ = {
			isa = PBXGroup;
			children = (
				365E5989299FBD9D0001ABFC /* LoginCoordinator.swift */,
			);
			path = Coordinator;
			sourceTree = "<group>";
		};
		365E598C299FBDC30001ABFC /* Coordinator */ = {
			isa = PBXGroup;
			children = (
				365E5987299FBD530001ABFC /* FeedCoordinator.swift */,
			);
			path = Coordinator;
			sourceTree = "<group>";
		};
		365E598D29AE436E0001ABFC /* BrutForce */ = {
			isa = PBXGroup;
			children = (
				3630845429AE51C9005C5616 /* BrutForce.swift */,
			);
			path = BrutForce;
			sourceTree = "<group>";
		};
		36661B7E295DE53B00016070 /* Helpers */ = {
			isa = PBXGroup;
			children = (
				36507D8729706006001C6F98 /* Constants.swift */,
				36661B7F295DE56D00016070 /* ExtensionUIView.swift */,
				361580102993F6B3004FF4F8 /* CustomButton.swift */,
				365E599029AE44EC0001ABFC /* String.swift */,
			);
			path = Helpers;
			sourceTree = "<group>";
		};
		3684009328E2EC4E00CDDEEB = {
			isa = PBXGroup;
			children = (
				3684009E28E2EC4E00CDDEEB /* Navigation */,
				36FE1244298028AC001C1791 /* StorageService */,
				36FE1252298028AC001C1791 /* StorageServiceTests */,
				3684009D28E2EC4E00CDDEEB /* Products */,
			);
			sourceTree = "<group>";
		};
		3684009D28E2EC4E00CDDEEB /* Products */ = {
			isa = PBXGroup;
			children = (
				3684009C28E2EC4E00CDDEEB /* Navigation.app */,
				36FE1243298028AC001C1791 /* StorageService.framework */,
				36FE124C298028AC001C1791 /* StorageServiceTests.xctest */,
			);
			name = Products;
			sourceTree = "<group>";
		};
		3684009E28E2EC4E00CDDEEB /* Navigation */ = {
			isa = PBXGroup;
			children = (
				360DEBEA29C0B7F600D0A6BC /* NetworkService */,
				36B22EC2299BD60B004DEF0B /* Coordinator */,
				36B22EC1299BD5F7004DEF0B /* App */,
				36661B7E295DE53B00016070 /* Helpers */,
				36944EE12986D201009E1ED2 /* Login */,
				36B22EA9299BD223004DEF0B /* Photos */,
				368400C428EA3AD600CDDEEB /* Profile */,
				36158012299401C9004FF4F8 /* Feed */,
				36B22EB4299BD3F1004DEF0B /* AudioPost */,
				360DEBE329B8CCAF00D0A6BC /* NewPost */,
				36B22EB5299BD400004DEF0B /* Info */,
				360DEBD829B8BC1A00D0A6BC /* Music */,
				368400A828E2EC5000CDDEEB /* Assets.xcassets */,
				368400AA28E2EC5000CDDEEB /* LaunchScreen.storyboard */,
				368400AD28E2EC5000CDDEEB /* Info.plist */,
				368400BD28E2EF0200CDDEEB /* .gitignore */,
			);
			path = Navigation;
			sourceTree = "<group>";
		};
		368400C428EA3AD600CDDEEB /* Profile */ = {
			isa = PBXGroup;
			children = (
				36B22EC9299BE4C2004DEF0B /* Coordinator */,
				36B22EA7299BCF96004DEF0B /* View */,
				36507D8229705D98001C6F98 /* VIewModel */,
				36B22EBE299BD4FD004DEF0B /* Model */,
			);
			path = Profile;
			sourceTree = "<group>";
		};
		36944EE12986D201009E1ED2 /* Login */ = {
			isa = PBXGroup;
			children = (
				365E598D29AE436E0001ABFC /* BrutForce */,
				365E598B299FBDAB0001ABFC /* Coordinator */,
				36B22EAE299BD2A9004DEF0B /* View */,
				36B22EAF299BD2BF004DEF0B /* Model */,
				36B22EAD299BD28D004DEF0B /* Inspector */,
				36B22EAC299BD272004DEF0B /* Factory */,
				36B22EB0299BD2DC004DEF0B /* Service */,
				36B22EB2299BD325004DEF0B /* Delegate */,
			);
			path = Login;
			sourceTree = "<group>";
		};
		36B22EA7299BCF96004DEF0B /* View */ = {
			isa = PBXGroup;
			children = (
				368400C528EA3B0B00CDDEEB /* ProfileHeaderView.swift */,
				368400B728E2EE7600CDDEEB /* ProfileViewController.swift */,
				36507D8329705DBC001C6F98 /* PhotosTableViewCell.swift */,
				36661B81295F270100016070 /* PostTableViewCell.swift */,
			);
			path = View;
			sourceTree = "<group>";
		};
		36B22EA8299BD1A0004DEF0B /* Model */ = {
			isa = PBXGroup;
			children = (
				36F789932971AE360034D100 /* PhotosModel.swift */,
			);
			path = Model;
			sourceTree = "<group>";
		};
		36B22EA9299BD223004DEF0B /* Photos */ = {
			isa = PBXGroup;
			children = (
				36B22ED5299BF051004DEF0B /* Coordinator */,
				36B22EBF299BD56B004DEF0B /* View */,
				36B22EA8299BD1A0004DEF0B /* Model */,
			);
			path = Photos;
			sourceTree = "<group>";
		};
		36B22EAC299BD272004DEF0B /* Factory */ = {
			isa = PBXGroup;
			children = (
				36944EE82986D4BD009E1ED2 /* LoginFactory.swift */,
				36944EEA2986D4F4009E1ED2 /* MyLoginFactory.swift */,
			);
			path = Factory;
			sourceTree = "<group>";
		};
		36B22EAD299BD28D004DEF0B /* Inspector */ = {
			isa = PBXGroup;
			children = (
				36944EE62986D46D009E1ED2 /* LoginInspector.swift */,
			);
			path = Inspector;
			sourceTree = "<group>";
		};
		36B22EAE299BD2A9004DEF0B /* View */ = {
			isa = PBXGroup;
			children = (
				36661B7C295D059400016070 /* LoginViewController.swift */,
			);
			path = View;
			sourceTree = "<group>";
		};
		36B22EAF299BD2BF004DEF0B /* Model */ = {
			isa = PBXGroup;
			children = (
				36944EDB2985433F009E1ED2 /* User.swift */,
			);
			path = Model;
			sourceTree = "<group>";
		};
		36B22EB0299BD2DC004DEF0B /* Service */ = {
			isa = PBXGroup;
			children = (
				36944EDF29858D20009E1ED2 /* CurrentUserService.swift */,
				36944EDD29858C17009E1ED2 /* TestUserService.swift */,
			);
			path = Service;
			sourceTree = "<group>";
		};
		36B22EB2299BD325004DEF0B /* Delegate */ = {
			isa = PBXGroup;
			children = (
				36944EE42986D2DC009E1ED2 /* LoginViewControllerDelegate.swift */,
				36944EE22986D23E009E1ED2 /* Checker.swift */,
			);
			path = Delegate;
			sourceTree = "<group>";
		};
		36B22EB3299BD385004DEF0B /* View */ = {
			isa = PBXGroup;
			children = (
				368400B528E2EE4E00CDDEEB /* FeedViewController.swift */,
			);
			path = View;
			sourceTree = "<group>";
		};
		36B22EB4299BD3F1004DEF0B /* AudioPost */ = {
			isa = PBXGroup;
			children = (
				36B22ECC299BE54B004DEF0B /* Coordinator */,
				36B22EBB299BD466004DEF0B /* View */,
			);
			path = AudioPost;
			sourceTree = "<group>";
		};
		36B22EB5299BD400004DEF0B /* Info */ = {
			isa = PBXGroup;
			children = (
				36B22EDA299BF851004DEF0B /* Coordinator */,
				36B22EB8299BD437004DEF0B /* View */,
			);
			path = Info;
			sourceTree = "<group>";
		};
		36B22EB6299BD411004DEF0B /* Model */ = {
			isa = PBXGroup;
			children = (
				36158013299401E0004FF4F8 /* FeedModel.swift */,
			);
			path = Model;
			sourceTree = "<group>";
		};
		36B22EB8299BD437004DEF0B /* View */ = {
			isa = PBXGroup;
			children = (
				368400BB28E2EEC400CDDEEB /* InfoViewController.swift */,
			);
			path = View;
			sourceTree = "<group>";
		};
		36B22EBB299BD466004DEF0B /* View */ = {
			isa = PBXGroup;
			children = (
				368400B928E2EE9500CDDEEB /* AudioPostViewController.swift */,
			);
			path = View;
			sourceTree = "<group>";
		};
		36B22EBE299BD4FD004DEF0B /* Model */ = {
			isa = PBXGroup;
			children = (
				36B22ED3299BEC05004DEF0B /* ProfileModel.swift */,
			);
			path = Model;
			sourceTree = "<group>";
		};
		36B22EBF299BD56B004DEF0B /* View */ = {
			isa = PBXGroup;
			children = (
				36507D89297061ED001C6F98 /* PhotosCollectionViewCell.swift */,
				36507D8529705E20001C6F98 /* PhotosViewController.swift */,
			);
			path = View;
			sourceTree = "<group>";
		};
		36B22EC1299BD5F7004DEF0B /* App */ = {
			isa = PBXGroup;
			children = (
				3684009F28E2EC4E00CDDEEB /* AppDelegate.swift */,
				365E5985299FB78B0001ABFC /* MainCoordinator.swift */,
			);
			path = App;
			sourceTree = "<group>";
		};
		36B22EC2299BD60B004DEF0B /* Coordinator */ = {
			isa = PBXGroup;
			children = (
				36B22EC3299BD639004DEF0B /* RootCoordinator.swift */,
				36B22EC5299BD651004DEF0B /* AppCoordinator.swift */,
			);
			path = Coordinator;
			sourceTree = "<group>";
		};
		36B22EC9299BE4C2004DEF0B /* Coordinator */ = {
			isa = PBXGroup;
			children = (
				36B22ECA299BE4D9004DEF0B /* ProfileCoordinator.swift */,
			);
			path = Coordinator;
			sourceTree = "<group>";
		};
		36B22ECC299BE54B004DEF0B /* Coordinator */ = {
			isa = PBXGroup;
			children = (
				36B22ECD299BE564004DEF0B /* AudioPostCoordinator.swift */,
			);
			path = Coordinator;
			sourceTree = "<group>";
		};
		36B22ED5299BF051004DEF0B /* Coordinator */ = {
			isa = PBXGroup;
			children = (
				36B22ED6299BF089004DEF0B /* PhotosCoordinator.swift */,
			);
			path = Coordinator;
			sourceTree = "<group>";
		};
		36B22EDA299BF851004DEF0B /* Coordinator */ = {
			isa = PBXGroup;
			children = (
				36B22ED8299BF6F3004DEF0B /* InfoCoordinator.swift */,
			);
			path = Coordinator;
			sourceTree = "<group>";
		};
		36FE1244298028AC001C1791 /* StorageService */ = {
			isa = PBXGroup;
			children = (
				36FE1261298028F6001C1791 /* Post.swift */,
				36FE1245298028AC001C1791 /* StorageService.h */,
				36FE1246298028AC001C1791 /* StorageService.docc */,
			);
			path = StorageService;
			sourceTree = "<group>";
		};
		36FE1252298028AC001C1791 /* StorageServiceTests */ = {
			isa = PBXGroup;
			children = (
				36FE1253298028AC001C1791 /* StorageServiceTests.swift */,
			);
			path = StorageServiceTests;
			sourceTree = "<group>";
		};
/* End PBXGroup section */

/* Begin PBXHeadersBuildPhase section */
		36FE123E298028AC001C1791 /* Headers */ = {
			isa = PBXHeadersBuildPhase;
			buildActionMask = 2147483647;
			files = (
				36FE1255298028AC001C1791 /* StorageService.h in Headers */,
			);
			runOnlyForDeploymentPostprocessing = 0;
		};
/* End PBXHeadersBuildPhase section */

/* Begin PBXNativeTarget section */
		3684009B28E2EC4E00CDDEEB /* Navigation */ = {
			isa = PBXNativeTarget;
			buildConfigurationList = 368400B028E2EC5000CDDEEB /* Build configuration list for PBXNativeTarget "Navigation" */;
			buildPhases = (
				3684009828E2EC4E00CDDEEB /* Sources */,
				3684009928E2EC4E00CDDEEB /* Frameworks */,
				3684009A28E2EC4E00CDDEEB /* Resources */,
				36FE125A298028AC001C1791 /* Embed Frameworks */,
			);
			buildRules = (
			);
			dependencies = (
				36FE1257298028AC001C1791 /* PBXTargetDependency */,
			);
			name = Navigation;
			packageProductDependencies = (
				36944EF0298AB41A009E1ED2 /* iOSIntPackage */,
			);
			productName = Navigation;
			productReference = 3684009C28E2EC4E00CDDEEB /* Navigation.app */;
			productType = "com.apple.product-type.application";
		};
		36FE1242298028AC001C1791 /* StorageService */ = {
			isa = PBXNativeTarget;
			buildConfigurationList = 36FE125F298028AC001C1791 /* Build configuration list for PBXNativeTarget "StorageService" */;
			buildPhases = (
				36FE123E298028AC001C1791 /* Headers */,
				36FE123F298028AC001C1791 /* Sources */,
				36FE1240298028AC001C1791 /* Frameworks */,
				36FE1241298028AC001C1791 /* Resources */,
			);
			buildRules = (
			);
			dependencies = (
			);
			name = StorageService;
			productName = StorageService;
			productReference = 36FE1243298028AC001C1791 /* StorageService.framework */;
			productType = "com.apple.product-type.framework";
		};
		36FE124B298028AC001C1791 /* StorageServiceTests */ = {
			isa = PBXNativeTarget;
			buildConfigurationList = 36FE1260298028AC001C1791 /* Build configuration list for PBXNativeTarget "StorageServiceTests" */;
			buildPhases = (
				36FE1248298028AC001C1791 /* Sources */,
				36FE1249298028AC001C1791 /* Frameworks */,
				36FE124A298028AC001C1791 /* Resources */,
			);
			buildRules = (
			);
			dependencies = (
				36FE124F298028AC001C1791 /* PBXTargetDependency */,
				36FE1251298028AC001C1791 /* PBXTargetDependency */,
			);
			name = StorageServiceTests;
			productName = StorageServiceTests;
			productReference = 36FE124C298028AC001C1791 /* StorageServiceTests.xctest */;
			productType = "com.apple.product-type.bundle.unit-test";
		};
/* End PBXNativeTarget section */

/* Begin PBXProject section */
		3684009428E2EC4E00CDDEEB /* Project object */ = {
			isa = PBXProject;
			attributes = {
				BuildIndependentTargetsInParallel = 1;
				LastSwiftUpdateCheck = 1340;
				LastUpgradeCheck = 1340;
				TargetAttributes = {
					3684009B28E2EC4E00CDDEEB = {
						CreatedOnToolsVersion = 13.4.1;
					};
					36FE1242298028AC001C1791 = {
						CreatedOnToolsVersion = 13.4.1;
					};
					36FE124B298028AC001C1791 = {
						CreatedOnToolsVersion = 13.4.1;
						TestTargetID = 3684009B28E2EC4E00CDDEEB;
					};
				};
			};
			buildConfigurationList = 3684009728E2EC4E00CDDEEB /* Build configuration list for PBXProject "Navigation" */;
			compatibilityVersion = "Xcode 13.0";
			developmentRegion = en;
			hasScannedForEncodings = 0;
			knownRegions = (
				en,
				Base,
			);
			mainGroup = 3684009328E2EC4E00CDDEEB;
			packageReferences = (
				36944EEF298AB41A009E1ED2 /* XCRemoteSwiftPackageReference "iOSIntPackage" */,
			);
			productRefGroup = 3684009D28E2EC4E00CDDEEB /* Products */;
			projectDirPath = "";
			projectRoot = "";
			targets = (
				3684009B28E2EC4E00CDDEEB /* Navigation */,
				36FE1242298028AC001C1791 /* StorageService */,
				36FE124B298028AC001C1791 /* StorageServiceTests */,
			);
		};
/* End PBXProject section */

/* Begin PBXResourcesBuildPhase section */
		3684009A28E2EC4E00CDDEEB /* Resources */ = {
			isa = PBXResourcesBuildPhase;
			buildActionMask = 2147483647;
			files = (
				368400AC28E2EC5000CDDEEB /* LaunchScreen.storyboard in Resources */,
				360DEBE029B8BCEE00D0A6BC /* bicycle-race.mp3 in Resources */,
				360DEBDC29B8BCD400D0A6BC /* the-show-must-go-on.mp3 in Resources */,
				360DEBDE29B8BCE000D0A6BC /* bohemian-rhapsody.mp3 in Resources */,
				360DEBDA29B8BC9500D0A6BC /* don-t-stop-me-now.mp3 in Resources */,
				368400BE28E2EF0200CDDEEB /* .gitignore in Resources */,
				368400A928E2EC5000CDDEEB /* Assets.xcassets in Resources */,
				360DEBE229B8BCFC00D0A6BC /* radio-ga-ga.mp3 in Resources */,
			);
			runOnlyForDeploymentPostprocessing = 0;
		};
		36FE1241298028AC001C1791 /* Resources */ = {
			isa = PBXResourcesBuildPhase;
			buildActionMask = 2147483647;
			files = (
			);
			runOnlyForDeploymentPostprocessing = 0;
		};
		36FE124A298028AC001C1791 /* Resources */ = {
			isa = PBXResourcesBuildPhase;
			buildActionMask = 2147483647;
			files = (
			);
			runOnlyForDeploymentPostprocessing = 0;
		};
/* End PBXResourcesBuildPhase section */

/* Begin PBXSourcesBuildPhase section */
		3684009828E2EC4E00CDDEEB /* Sources */ = {
			isa = PBXSourcesBuildPhase;
			buildActionMask = 2147483647;
			files = (
				36944EE72986D46D009E1ED2 /* LoginInspector.swift in Sources */,
				36507D8829706006001C6F98 /* Constants.swift in Sources */,
				36944EE52986D2DC009E1ED2 /* LoginViewControllerDelegate.swift in Sources */,
				36B22ED4299BEC05004DEF0B /* ProfileModel.swift in Sources */,
				36944EE32986D23E009E1ED2 /* Checker.swift in Sources */,
				36507D8429705DBC001C6F98 /* PhotosTableViewCell.swift in Sources */,
				36B22ED9299BF6F3004DEF0B /* InfoCoordinator.swift in Sources */,
				36507D8629705E20001C6F98 /* PhotosViewController.swift in Sources */,
				365E5986299FB78B0001ABFC /* MainCoordinator.swift in Sources */,
				36B22EC6299BD651004DEF0B /* AppCoordinator.swift in Sources */,
				360DEBEC29C0B83B00D0A6BC /* NetworkService.swift in Sources */,
				36B22ECB299BE4D9004DEF0B /* ProfileCoordinator.swift in Sources */,
				36944EDC2985433F009E1ED2 /* User.swift in Sources */,
				36B22ECE299BE564004DEF0B /* AudioPostCoordinator.swift in Sources */,
				368400B628E2EE4E00CDDEEB /* FeedViewController.swift in Sources */,
				36B22ED0299BE991004DEF0B /* ProfileViewModel.swift in Sources */,
				365E5988299FBD530001ABFC /* FeedCoordinator.swift in Sources */,
				36B22ED7299BF089004DEF0B /* PhotosCoordinator.swift in Sources */,
				360DEBE529B8CCFB00D0A6BC /* NewPostViewController.swift in Sources */,
				368400B828E2EE7600CDDEEB /* ProfileViewController.swift in Sources */,
				36B22EC4299BD639004DEF0B /* RootCoordinator.swift in Sources */,
				368400A028E2EC4E00CDDEEB /* AppDelegate.swift in Sources */,
				3630845529AE51C9005C5616 /* BrutForce.swift in Sources */,
				36661B7D295D059400016070 /* LoginViewController.swift in Sources */,
				36661B80295DE56D00016070 /* ExtensionUIView.swift in Sources */,
				36944EE029858D20009E1ED2 /* CurrentUserService.swift in Sources */,
				36944EE92986D4BD009E1ED2 /* LoginFactory.swift in Sources */,
				368400C628EA3B0B00CDDEEB /* ProfileHeaderView.swift in Sources */,
				36507D8A297061ED001C6F98 /* PhotosCollectionViewCell.swift in Sources */,
				365E599129AE44EC0001ABFC /* String.swift in Sources */,
				36944EEB2986D4F4009E1ED2 /* MyLoginFactory.swift in Sources */,
				36F789942971AE360034D100 /* PhotosModel.swift in Sources */,
				36944EDE29858C17009E1ED2 /* TestUserService.swift in Sources */,
				361580112993F6B3004FF4F8 /* CustomButton.swift in Sources */,
				365E598A299FBD9D0001ABFC /* LoginCoordinator.swift in Sources */,
				360DEBE929B8CD5600D0A6BC /* NewPostCoordinator.swift in Sources */,
				36661B82295F270100016070 /* PostTableViewCell.swift in Sources */,
				36158014299401E0004FF4F8 /* FeedModel.swift in Sources */,
				368400BC28E2EEC400CDDEEB /* InfoViewController.swift in Sources */,
				368400BA28E2EE9500CDDEEB /* AudioPostViewController.swift in Sources */,
			);
			runOnlyForDeploymentPostprocessing = 0;
		};
		36FE123F298028AC001C1791 /* Sources */ = {
			isa = PBXSourcesBuildPhase;
			buildActionMask = 2147483647;
			files = (
				36FE1247298028AC001C1791 /* StorageService.docc in Sources */,
				36FE126429802916001C1791 /* Post.swift in Sources */,
			);
			runOnlyForDeploymentPostprocessing = 0;
		};
		36FE1248298028AC001C1791 /* Sources */ = {
			isa = PBXSourcesBuildPhase;
			buildActionMask = 2147483647;
			files = (
				36FE1254298028AC001C1791 /* StorageServiceTests.swift in Sources */,
			);
			runOnlyForDeploymentPostprocessing = 0;
		};
/* End PBXSourcesBuildPhase section */

/* Begin PBXTargetDependency section */
		36FE124F298028AC001C1791 /* PBXTargetDependency */ = {
			isa = PBXTargetDependency;
			target = 36FE1242298028AC001C1791 /* StorageService */;
			targetProxy = 36FE124E298028AC001C1791 /* PBXContainerItemProxy */;
		};
		36FE1251298028AC001C1791 /* PBXTargetDependency */ = {
			isa = PBXTargetDependency;
			target = 3684009B28E2EC4E00CDDEEB /* Navigation */;
			targetProxy = 36FE1250298028AC001C1791 /* PBXContainerItemProxy */;
		};
		36FE1257298028AC001C1791 /* PBXTargetDependency */ = {
			isa = PBXTargetDependency;
			target = 36FE1242298028AC001C1791 /* StorageService */;
			targetProxy = 36FE1256298028AC001C1791 /* PBXContainerItemProxy */;
		};
/* End PBXTargetDependency section */

/* Begin PBXVariantGroup section */
		368400AA28E2EC5000CDDEEB /* LaunchScreen.storyboard */ = {
			isa = PBXVariantGroup;
			children = (
				368400AB28E2EC5000CDDEEB /* Base */,
			);
			name = LaunchScreen.storyboard;
			sourceTree = "<group>";
		};
/* End PBXVariantGroup section */

/* Begin XCBuildConfiguration section */
		368400AE28E2EC5000CDDEEB /* Debug */ = {
			isa = XCBuildConfiguration;
			buildSettings = {
				ALWAYS_SEARCH_USER_PATHS = NO;
				CLANG_ANALYZER_NONNULL = YES;
				CLANG_ANALYZER_NUMBER_OBJECT_CONVERSION = YES_AGGRESSIVE;
				CLANG_CXX_LANGUAGE_STANDARD = "gnu++17";
				CLANG_ENABLE_MODULES = YES;
				CLANG_ENABLE_OBJC_ARC = YES;
				CLANG_ENABLE_OBJC_WEAK = YES;
				CLANG_WARN_BLOCK_CAPTURE_AUTORELEASING = YES;
				CLANG_WARN_BOOL_CONVERSION = YES;
				CLANG_WARN_COMMA = YES;
				CLANG_WARN_CONSTANT_CONVERSION = YES;
				CLANG_WARN_DEPRECATED_OBJC_IMPLEMENTATIONS = YES;
				CLANG_WARN_DIRECT_OBJC_ISA_USAGE = YES_ERROR;
				CLANG_WARN_DOCUMENTATION_COMMENTS = YES;
				CLANG_WARN_EMPTY_BODY = YES;
				CLANG_WARN_ENUM_CONVERSION = YES;
				CLANG_WARN_INFINITE_RECURSION = YES;
				CLANG_WARN_INT_CONVERSION = YES;
				CLANG_WARN_NON_LITERAL_NULL_CONVERSION = YES;
				CLANG_WARN_OBJC_IMPLICIT_RETAIN_SELF = YES;
				CLANG_WARN_OBJC_LITERAL_CONVERSION = YES;
				CLANG_WARN_OBJC_ROOT_CLASS = YES_ERROR;
				CLANG_WARN_QUOTED_INCLUDE_IN_FRAMEWORK_HEADER = YES;
				CLANG_WARN_RANGE_LOOP_ANALYSIS = YES;
				CLANG_WARN_STRICT_PROTOTYPES = YES;
				CLANG_WARN_SUSPICIOUS_MOVE = YES;
				CLANG_WARN_UNGUARDED_AVAILABILITY = YES_AGGRESSIVE;
				CLANG_WARN_UNREACHABLE_CODE = YES;
				CLANG_WARN__DUPLICATE_METHOD_MATCH = YES;
				COPY_PHASE_STRIP = NO;
				DEBUG_INFORMATION_FORMAT = dwarf;
				ENABLE_STRICT_OBJC_MSGSEND = YES;
				ENABLE_TESTABILITY = YES;
				GCC_C_LANGUAGE_STANDARD = gnu11;
				GCC_DYNAMIC_NO_PIC = NO;
				GCC_NO_COMMON_BLOCKS = YES;
				GCC_OPTIMIZATION_LEVEL = 0;
				GCC_PREPROCESSOR_DEFINITIONS = (
					"DEBUG=1",
					"$(inherited)",
				);
				GCC_WARN_64_TO_32_BIT_CONVERSION = YES;
				GCC_WARN_ABOUT_RETURN_TYPE = YES_ERROR;
				GCC_WARN_UNDECLARED_SELECTOR = YES;
				GCC_WARN_UNINITIALIZED_AUTOS = YES_AGGRESSIVE;
				GCC_WARN_UNUSED_FUNCTION = YES;
				GCC_WARN_UNUSED_VARIABLE = YES;
				IPHONEOS_DEPLOYMENT_TARGET = 15.5;
				MTL_ENABLE_DEBUG_INFO = INCLUDE_SOURCE;
				MTL_FAST_MATH = YES;
				ONLY_ACTIVE_ARCH = YES;
				SDKROOT = iphoneos;
				SWIFT_ACTIVE_COMPILATION_CONDITIONS = DEBUG;
				SWIFT_OPTIMIZATION_LEVEL = "-Onone";
			};
			name = Debug;
		};
		368400AF28E2EC5000CDDEEB /* Release */ = {
			isa = XCBuildConfiguration;
			buildSettings = {
				ALWAYS_SEARCH_USER_PATHS = NO;
				CLANG_ANALYZER_NONNULL = YES;
				CLANG_ANALYZER_NUMBER_OBJECT_CONVERSION = YES_AGGRESSIVE;
				CLANG_CXX_LANGUAGE_STANDARD = "gnu++17";
				CLANG_ENABLE_MODULES = YES;
				CLANG_ENABLE_OBJC_ARC = YES;
				CLANG_ENABLE_OBJC_WEAK = YES;
				CLANG_WARN_BLOCK_CAPTURE_AUTORELEASING = YES;
				CLANG_WARN_BOOL_CONVERSION = YES;
				CLANG_WARN_COMMA = YES;
				CLANG_WARN_CONSTANT_CONVERSION = YES;
				CLANG_WARN_DEPRECATED_OBJC_IMPLEMENTATIONS = YES;
				CLANG_WARN_DIRECT_OBJC_ISA_USAGE = YES_ERROR;
				CLANG_WARN_DOCUMENTATION_COMMENTS = YES;
				CLANG_WARN_EMPTY_BODY = YES;
				CLANG_WARN_ENUM_CONVERSION = YES;
				CLANG_WARN_INFINITE_RECURSION = YES;
				CLANG_WARN_INT_CONVERSION = YES;
				CLANG_WARN_NON_LITERAL_NULL_CONVERSION = YES;
				CLANG_WARN_OBJC_IMPLICIT_RETAIN_SELF = YES;
				CLANG_WARN_OBJC_LITERAL_CONVERSION = YES;
				CLANG_WARN_OBJC_ROOT_CLASS = YES_ERROR;
				CLANG_WARN_QUOTED_INCLUDE_IN_FRAMEWORK_HEADER = YES;
				CLANG_WARN_RANGE_LOOP_ANALYSIS = YES;
				CLANG_WARN_STRICT_PROTOTYPES = YES;
				CLANG_WARN_SUSPICIOUS_MOVE = YES;
				CLANG_WARN_UNGUARDED_AVAILABILITY = YES_AGGRESSIVE;
				CLANG_WARN_UNREACHABLE_CODE = YES;
				CLANG_WARN__DUPLICATE_METHOD_MATCH = YES;
				COPY_PHASE_STRIP = NO;
				DEBUG_INFORMATION_FORMAT = "dwarf-with-dsym";
				ENABLE_NS_ASSERTIONS = NO;
				ENABLE_STRICT_OBJC_MSGSEND = YES;
				GCC_C_LANGUAGE_STANDARD = gnu11;
				GCC_NO_COMMON_BLOCKS = YES;
				GCC_WARN_64_TO_32_BIT_CONVERSION = YES;
				GCC_WARN_ABOUT_RETURN_TYPE = YES_ERROR;
				GCC_WARN_UNDECLARED_SELECTOR = YES;
				GCC_WARN_UNINITIALIZED_AUTOS = YES_AGGRESSIVE;
				GCC_WARN_UNUSED_FUNCTION = YES;
				GCC_WARN_UNUSED_VARIABLE = YES;
				IPHONEOS_DEPLOYMENT_TARGET = 15.5;
				MTL_ENABLE_DEBUG_INFO = NO;
				MTL_FAST_MATH = YES;
				SDKROOT = iphoneos;
				SWIFT_COMPILATION_MODE = wholemodule;
				SWIFT_OPTIMIZATION_LEVEL = "-O";
				VALIDATE_PRODUCT = YES;
			};
			name = Release;
		};
		368400B128E2EC5000CDDEEB /* Debug */ = {
			isa = XCBuildConfiguration;
			buildSettings = {
				ALWAYS_EMBED_SWIFT_STANDARD_LIBRARIES = YES;
				ASSETCATALOG_COMPILER_APPICON_NAME = AppIcon;
				ASSETCATALOG_COMPILER_GLOBAL_ACCENT_COLOR_NAME = AccentColor;
				CODE_SIGN_STYLE = Automatic;
				CURRENT_PROJECT_VERSION = 1;
				DEVELOPMENT_TEAM = N4Z8VJLZRX;
				GENERATE_INFOPLIST_FILE = YES;
				INFOPLIST_FILE = Navigation/Info.plist;
				INFOPLIST_KEY_UIApplicationSupportsIndirectInputEvents = YES;
				INFOPLIST_KEY_UILaunchStoryboardName = LaunchScreen;
				INFOPLIST_KEY_UISupportedInterfaceOrientations_iPad = "UIInterfaceOrientationPortrait UIInterfaceOrientationPortraitUpsideDown UIInterfaceOrientationLandscapeLeft UIInterfaceOrientationLandscapeRight";
				INFOPLIST_KEY_UISupportedInterfaceOrientations_iPhone = "UIInterfaceOrientationPortrait UIInterfaceOrientationLandscapeLeft UIInterfaceOrientationLandscapeRight";
				IPHONEOS_DEPLOYMENT_TARGET = 15.5;
				LD_RUNPATH_SEARCH_PATHS = (
					"$(inherited)",
					"@executable_path/Frameworks",
				);
				MARKETING_VERSION = 1.0;
				PRODUCT_BUNDLE_IDENTIFIER = "-.Navigation";
				PRODUCT_NAME = "$(TARGET_NAME)";
				SWIFT_EMIT_LOC_STRINGS = YES;
				SWIFT_VERSION = 5.0;
				TARGETED_DEVICE_FAMILY = "1,2";
			};
			name = Debug;
		};
		368400B228E2EC5000CDDEEB /* Release */ = {
			isa = XCBuildConfiguration;
			buildSettings = {
				ALWAYS_EMBED_SWIFT_STANDARD_LIBRARIES = YES;
				ASSETCATALOG_COMPILER_APPICON_NAME = AppIcon;
				ASSETCATALOG_COMPILER_GLOBAL_ACCENT_COLOR_NAME = AccentColor;
				CODE_SIGN_STYLE = Automatic;
				CURRENT_PROJECT_VERSION = 1;
				DEVELOPMENT_TEAM = N4Z8VJLZRX;
				GENERATE_INFOPLIST_FILE = YES;
				INFOPLIST_FILE = Navigation/Info.plist;
				INFOPLIST_KEY_UIApplicationSupportsIndirectInputEvents = YES;
				INFOPLIST_KEY_UILaunchStoryboardName = LaunchScreen;
				INFOPLIST_KEY_UISupportedInterfaceOrientations_iPad = "UIInterfaceOrientationPortrait UIInterfaceOrientationPortraitUpsideDown UIInterfaceOrientationLandscapeLeft UIInterfaceOrientationLandscapeRight";
				INFOPLIST_KEY_UISupportedInterfaceOrientations_iPhone = "UIInterfaceOrientationPortrait UIInterfaceOrientationLandscapeLeft UIInterfaceOrientationLandscapeRight";
				IPHONEOS_DEPLOYMENT_TARGET = 15.5;
				LD_RUNPATH_SEARCH_PATHS = (
					"$(inherited)",
					"@executable_path/Frameworks",
				);
				MARKETING_VERSION = 1.0;
				PRODUCT_BUNDLE_IDENTIFIER = "-.Navigation";
				PRODUCT_NAME = "$(TARGET_NAME)";
				SWIFT_EMIT_LOC_STRINGS = YES;
				SWIFT_VERSION = 5.0;
				TARGETED_DEVICE_FAMILY = "1,2";
			};
			name = Release;
		};
		36FE125B298028AC001C1791 /* Debug */ = {
			isa = XCBuildConfiguration;
			buildSettings = {
				CODE_SIGN_STYLE = Automatic;
				CURRENT_PROJECT_VERSION = 1;
				DEFINES_MODULE = YES;
				DEVELOPMENT_TEAM = N4Z8VJLZRX;
				DYLIB_COMPATIBILITY_VERSION = 1;
				DYLIB_CURRENT_VERSION = 1;
				DYLIB_INSTALL_NAME_BASE = "@rpath";
				GENERATE_INFOPLIST_FILE = YES;
				INFOPLIST_KEY_NSHumanReadableCopyright = "";
				INSTALL_PATH = "$(LOCAL_LIBRARY_DIR)/Frameworks";
				LD_RUNPATH_SEARCH_PATHS = (
					"$(inherited)",
					"@executable_path/Frameworks",
					"@loader_path/Frameworks",
				);
				MARKETING_VERSION = 1.0;
				PRODUCT_BUNDLE_IDENTIFIER = "-.StorageService";
				PRODUCT_NAME = "$(TARGET_NAME:c99extidentifier)";
				SKIP_INSTALL = YES;
				SWIFT_EMIT_LOC_STRINGS = YES;
				SWIFT_VERSION = 5.0;
				TARGETED_DEVICE_FAMILY = "1,2";
				VERSIONING_SYSTEM = "apple-generic";
				VERSION_INFO_PREFIX = "";
			};
			name = Debug;
		};
		36FE125C298028AC001C1791 /* Release */ = {
			isa = XCBuildConfiguration;
			buildSettings = {
				CODE_SIGN_STYLE = Automatic;
				CURRENT_PROJECT_VERSION = 1;
				DEFINES_MODULE = YES;
				DEVELOPMENT_TEAM = N4Z8VJLZRX;
				DYLIB_COMPATIBILITY_VERSION = 1;
				DYLIB_CURRENT_VERSION = 1;
				DYLIB_INSTALL_NAME_BASE = "@rpath";
				GENERATE_INFOPLIST_FILE = YES;
				INFOPLIST_KEY_NSHumanReadableCopyright = "";
				INSTALL_PATH = "$(LOCAL_LIBRARY_DIR)/Frameworks";
				LD_RUNPATH_SEARCH_PATHS = (
					"$(inherited)",
					"@executable_path/Frameworks",
					"@loader_path/Frameworks",
				);
				MARKETING_VERSION = 1.0;
				PRODUCT_BUNDLE_IDENTIFIER = "-.StorageService";
				PRODUCT_NAME = "$(TARGET_NAME:c99extidentifier)";
				SKIP_INSTALL = YES;
				SWIFT_EMIT_LOC_STRINGS = YES;
				SWIFT_VERSION = 5.0;
				TARGETED_DEVICE_FAMILY = "1,2";
				VERSIONING_SYSTEM = "apple-generic";
				VERSION_INFO_PREFIX = "";
			};
			name = Release;
		};
		36FE125D298028AC001C1791 /* Debug */ = {
			isa = XCBuildConfiguration;
			buildSettings = {
				ALWAYS_EMBED_SWIFT_STANDARD_LIBRARIES = YES;
				CODE_SIGN_STYLE = Automatic;
				CURRENT_PROJECT_VERSION = 1;
				DEVELOPMENT_TEAM = N4Z8VJLZRX;
				GENERATE_INFOPLIST_FILE = YES;
				MARKETING_VERSION = 1.0;
				PRODUCT_BUNDLE_IDENTIFIER = "-.StorageServiceTests";
				PRODUCT_NAME = "$(TARGET_NAME)";
				SWIFT_EMIT_LOC_STRINGS = NO;
				SWIFT_VERSION = 5.0;
				TARGETED_DEVICE_FAMILY = "1,2";
				TEST_HOST = "$(BUILT_PRODUCTS_DIR)/Navigation.app/Navigation";
			};
			name = Debug;
		};
		36FE125E298028AC001C1791 /* Release */ = {
			isa = XCBuildConfiguration;
			buildSettings = {
				ALWAYS_EMBED_SWIFT_STANDARD_LIBRARIES = YES;
				CODE_SIGN_STYLE = Automatic;
				CURRENT_PROJECT_VERSION = 1;
				DEVELOPMENT_TEAM = N4Z8VJLZRX;
				GENERATE_INFOPLIST_FILE = YES;
				MARKETING_VERSION = 1.0;
				ONLY_ACTIVE_ARCH = NO;
				PRODUCT_BUNDLE_IDENTIFIER = "-.StorageServiceTests";
				PRODUCT_NAME = "$(TARGET_NAME)";
				SWIFT_ACTIVE_COMPILATION_CONDITIONS = RELEASE;
				SWIFT_COMPILATION_MODE = wholemodule;
				SWIFT_EMIT_LOC_STRINGS = NO;
				SWIFT_VERSION = 5.0;
				TARGETED_DEVICE_FAMILY = "1,2";
				TEST_HOST = "$(BUILT_PRODUCTS_DIR)/Navigation.app/Navigation";
			};
			name = Release;
		};
/* End XCBuildConfiguration section */

/* Begin XCConfigurationList section */
		3684009728E2EC4E00CDDEEB /* Build configuration list for PBXProject "Navigation" */ = {
			isa = XCConfigurationList;
			buildConfigurations = (
				368400AE28E2EC5000CDDEEB /* Debug */,
				368400AF28E2EC5000CDDEEB /* Release */,
			);
			defaultConfigurationIsVisible = 0;
			defaultConfigurationName = Release;
		};
		368400B028E2EC5000CDDEEB /* Build configuration list for PBXNativeTarget "Navigation" */ = {
			isa = XCConfigurationList;
			buildConfigurations = (
				368400B128E2EC5000CDDEEB /* Debug */,
				368400B228E2EC5000CDDEEB /* Release */,
			);
			defaultConfigurationIsVisible = 0;
			defaultConfigurationName = Release;
		};
		36FE125F298028AC001C1791 /* Build configuration list for PBXNativeTarget "StorageService" */ = {
			isa = XCConfigurationList;
			buildConfigurations = (
				36FE125B298028AC001C1791 /* Debug */,
				36FE125C298028AC001C1791 /* Release */,
			);
			defaultConfigurationIsVisible = 0;
			defaultConfigurationName = Release;
		};
		36FE1260298028AC001C1791 /* Build configuration list for PBXNativeTarget "StorageServiceTests" */ = {
			isa = XCConfigurationList;
			buildConfigurations = (
				36FE125D298028AC001C1791 /* Debug */,
				36FE125E298028AC001C1791 /* Release */,
			);
			defaultConfigurationIsVisible = 0;
			defaultConfigurationName = Release;
		};
/* End XCConfigurationList section */

/* Begin XCRemoteSwiftPackageReference section */
		36944EEF298AB41A009E1ED2 /* XCRemoteSwiftPackageReference "iOSIntPackage" */ = {
			isa = XCRemoteSwiftPackageReference;
			repositoryURL = "https://github.com/TrueMax/iOSIntPackage";
			requirement = {
				branch = imagepublisher;
				kind = branch;
			};
		};
/* End XCRemoteSwiftPackageReference section */

/* Begin XCSwiftPackageProductDependency section */
		36944EF0298AB41A009E1ED2 /* iOSIntPackage */ = {
			isa = XCSwiftPackageProductDependency;
			package = 36944EEF298AB41A009E1ED2 /* XCRemoteSwiftPackageReference "iOSIntPackage" */;
			productName = iOSIntPackage;
		};
/* End XCSwiftPackageProductDependency section */
	};
	rootObject = 3684009428E2EC4E00CDDEEB /* Project object */;
}
